
Microsoft Visual Studio Solution File, Format Version 12.00
# Visual Studio 15
VisualStudioVersion = 15.0.27130.2020
MinimumVisualStudioVersion = 10.0.40219.1
Project("{9A19103F-16F7-4668-BE54-9A1E7A4F7556}") = "UniversityScheduling.API", "UniversityScheduling.API\UniversityScheduling.API.csproj", "{C0ECBAFE-9295-418F-89E1-36AC89DFB35F}"
EndProject
Project("{9A19103F-16F7-4668-BE54-9A1E7A4F7556}") = "UniversityScheduling.Core", "UniversityScheduling.Core\UniversityScheduling.Core.csproj", "{B07D274D-D529-46EC-ACBC-5ABF422BDEBD}"
EndProject
Project("{9A19103F-16F7-4668-BE54-9A1E7A4F7556}") = "UniversityScheduling.Core.Tests", "UniversityScheduling.Core.Tests\UniversityScheduling.Core.Tests.csproj", "{862E3F8B-DDD5-4F92-9292-2FCD8145FC59}"
EndProject
Project("{FAE04EC0-301F-11D3-BF4B-00C04F79EFBC}") = "UniversityScheduling.GeneticAlgorithm", "UniversityScheduling.GeneticAlgorithm\UniversityScheduling.GeneticAlgorithm.csproj", "{2DBBFE67-D0EB-4274-AD5D-F212C8C15B9B}"
EndProject
Global
	GlobalSection(SolutionConfigurationPlatforms) = preSolution
		Debug|Any CPU = Debug|Any CPU
		Release|Any CPU = Release|Any CPU
	EndGlobalSection
	GlobalSection(ProjectConfigurationPlatforms) = postSolution
		{C0ECBAFE-9295-418F-89E1-36AC89DFB35F}.Debug|Any CPU.ActiveCfg = Debug|Any CPU
		{C0ECBAFE-9295-418F-89E1-36AC89DFB35F}.Debug|Any CPU.Build.0 = Debug|Any CPU
		{C0ECBAFE-9295-418F-89E1-36AC89DFB35F}.Release|Any CPU.ActiveCfg = Release|Any CPU
		{C0ECBAFE-9295-418F-89E1-36AC89DFB35F}.Release|Any CPU.Build.0 = Release|Any CPU
		{B07D274D-D529-46EC-ACBC-5ABF422BDEBD}.Debug|Any CPU.ActiveCfg = Debug|Any CPU
		{B07D274D-D529-46EC-ACBC-5ABF422BDEBD}.Debug|Any CPU.Build.0 = Debug|Any CPU
		{B07D274D-D529-46EC-ACBC-5ABF422BDEBD}.Release|Any CPU.ActiveCfg = Release|Any CPU
		{B07D274D-D529-46EC-ACBC-5ABF422BDEBD}.Release|Any CPU.Build.0 = Release|Any CPU
		{862E3F8B-DDD5-4F92-9292-2FCD8145FC59}.Debug|Any CPU.ActiveCfg = Debug|Any CPU
		{862E3F8B-DDD5-4F92-9292-2FCD8145FC59}.Debug|Any CPU.Build.0 = Debug|Any CPU
		{862E3F8B-DDD5-4F92-9292-2FCD8145FC59}.Release|Any CPU.ActiveCfg = Release|Any CPU
		{862E3F8B-DDD5-4F92-9292-2FCD8145FC59}.Release|Any CPU.Build.0 = Release|Any CPU
		{2DBBFE67-D0EB-4274-AD5D-F212C8C15B9B}.Debug|Any CPU.ActiveCfg = Debug|Any CPU
		{2DBBFE67-D0EB-4274-AD5D-F212C8C15B9B}.Debug|Any CPU.Build.0 = Debug|Any CPU
		{2DBBFE67-D0EB-4274-AD5D-F212C8C15B9B}.Release|Any CPU.ActiveCfg = Release|Any CPU
		{2DBBFE67-D0EB-4274-AD5D-F212C8C15B9B}.Release|Any CPU.Build.0 = Release|Any CPU
	EndGlobalSection
	GlobalSection(SolutionProperties) = preSolution
		HideSolutionNode = FALSE
	EndGlobalSection
	GlobalSection(ExtensibilityGlobals) = postSolution
		SolutionGuid = {ECD5699D-C0BA-4EF8-8637-62EE07A7845B}
	EndGlobalSection
EndGlobal
